
Microsoft Visual Studio Solution File, Format Version 12.00
# Visual Studio Version 17
VisualStudioVersion = 17.10.34928.147
MinimumVisualStudioVersion = 10.0.40219.1
Project("{2150E333-8FDC-42A3-9474-1A3956D46DE8}") = "BookingService", "BookingService", "{5C6DE529-8E2C-4D2C-85C9-625969375BE0}"
EndProject
Project("{2150E333-8FDC-42A3-9474-1A3956D46DE8}") = "PaymentService", "PaymentService", "{A455B4AE-F0F0-4474-AA26-ED2F3A6A07B3}"
EndProject
Project("{2150E333-8FDC-42A3-9474-1A3956D46DE8}") = "Core", "Core", "{C271B097-90D5-47D2-B3C8-E141FD156698}"
EndProject
Project("{2150E333-8FDC-42A3-9474-1A3956D46DE8}") = "Domain", "Domain", "{E6A4D819-57D5-434C-89A2-A5143037FF6A}"
EndProject
Project("{2150E333-8FDC-42A3-9474-1A3956D46DE8}") = "Application", "Application", "{B6296FAD-1B70-43A6-B7B5-FA7BBB175A69}"
EndProject
Project("{2150E333-8FDC-42A3-9474-1A3956D46DE8}") = "Adapters", "Adapters", "{BB15D096-3668-4FF5-A206-70F19C61FDE9}"
EndProject
Project("{2150E333-8FDC-42A3-9474-1A3956D46DE8}") = "Consumers", "Consumers", "{05812F46-79F0-42B4-91E6-24847EC17B25}"
EndProject
Project("{2150E333-8FDC-42A3-9474-1A3956D46DE8}") = "Tests", "Tests", "{BBBAF973-D798-42D2-941B-E3E681C77D0B}"
EndProject
Project("{2150E333-8FDC-42A3-9474-1A3956D46DE8}") = "Domain", "Domain", "{63FAA988-61E3-4B5E-9864-BE5361B7B0A4}"
EndProject
Project("{2150E333-8FDC-42A3-9474-1A3956D46DE8}") = "Application", "Application", "{DDE19A14-7523-4053-8119-F5A76FAF6DB1}"
EndProject
Project("{2150E333-8FDC-42A3-9474-1A3956D46DE8}") = "Adapters", "Adapters", "{8B013BBC-69B7-43FE-B5A9-489B4743CFE3}"
EndProject
Project("{9A19103F-16F7-4668-BE54-9A1E7A4F7556}") = "DomainTests", "BookingService\Tests\Domain\DomainTests\DomainTests.csproj", "{065AA118-20F3-4223-B0DA-A9980BCCF29C}"
EndProject
Project("{9A19103F-16F7-4668-BE54-9A1E7A4F7556}") = "ApplicationTests", "BookingService\Tests\Application\ApplicationTests\ApplicationTests.csproj", "{6CCBD512-EF8C-4AA6-8227-62D8576D2885}"
EndProject
Project("{9A19103F-16F7-4668-BE54-9A1E7A4F7556}") = "AdaptersTests", "BookingService\Tests\Adapters\AdaptersTests\AdaptersTests.csproj", "{CE73ED08-422F-434E-A880-206C0C51F8DB}"
EndProject
Project("{9A19103F-16F7-4668-BE54-9A1E7A4F7556}") = "API", "BookingService\Consumers\API\API.csproj", "{7B3E5889-E6F8-46D1-9137-DEA84D7D81BB}"
EndProject
Project("{9A19103F-16F7-4668-BE54-9A1E7A4F7556}") = "Data", "BookingService\Adapters\Data\Data.csproj", "{47845109-0401-4817-8DE5-921772B8E970}"
EndProject
Project("{9A19103F-16F7-4668-BE54-9A1E7A4F7556}") = "Application", "BookingService\Core\Application\Application.csproj", "{58C6CD9E-E7F9-4CC0-8080-D9C5E7D4BA08}"
EndProject
Project("{9A19103F-16F7-4668-BE54-9A1E7A4F7556}") = "Domain", "BookingService\Core\Domain\Domain.csproj", "{82459A05-9FD9-4213-AE3D-C10C43A03C13}"
EndProject
Global
	GlobalSection(SolutionConfigurationPlatforms) = preSolution
		Debug|Any CPU = Debug|Any CPU
		Release|Any CPU = Release|Any CPU
	EndGlobalSection
	GlobalSection(ProjectConfigurationPlatforms) = postSolution
		{065AA118-20F3-4223-B0DA-A9980BCCF29C}.Debug|Any CPU.ActiveCfg = Debug|Any CPU
		{065AA118-20F3-4223-B0DA-A9980BCCF29C}.Debug|Any CPU.Build.0 = Debug|Any CPU
		{065AA118-20F3-4223-B0DA-A9980BCCF29C}.Release|Any CPU.ActiveCfg = Release|Any CPU
		{065AA118-20F3-4223-B0DA-A9980BCCF29C}.Release|Any CPU.Build.0 = Release|Any CPU
		{6CCBD512-EF8C-4AA6-8227-62D8576D2885}.Debug|Any CPU.ActiveCfg = Debug|Any CPU
		{6CCBD512-EF8C-4AA6-8227-62D8576D2885}.Debug|Any CPU.Build.0 = Debug|Any CPU
		{6CCBD512-EF8C-4AA6-8227-62D8576D2885}.Release|Any CPU.ActiveCfg = Release|Any CPU
		{6CCBD512-EF8C-4AA6-8227-62D8576D2885}.Release|Any CPU.Build.0 = Release|Any CPU
		{CE73ED08-422F-434E-A880-206C0C51F8DB}.Debug|Any CPU.ActiveCfg = Debug|Any CPU
		{CE73ED08-422F-434E-A880-206C0C51F8DB}.Debug|Any CPU.Build.0 = Debug|Any CPU
		{CE73ED08-422F-434E-A880-206C0C51F8DB}.Release|Any CPU.ActiveCfg = Release|Any CPU
		{CE73ED08-422F-434E-A880-206C0C51F8DB}.Release|Any CPU.Build.0 = Release|Any CPU
		{7B3E5889-E6F8-46D1-9137-DEA84D7D81BB}.Debug|Any CPU.ActiveCfg = Debug|Any CPU
		{7B3E5889-E6F8-46D1-9137-DEA84D7D81BB}.Debug|Any CPU.Build.0 = Debug|Any CPU
		{7B3E5889-E6F8-46D1-9137-DEA84D7D81BB}.Release|Any CPU.ActiveCfg = Release|Any CPU
		{7B3E5889-E6F8-46D1-9137-DEA84D7D81BB}.Release|Any CPU.Build.0 = Release|Any CPU
		{47845109-0401-4817-8DE5-921772B8E970}.Debug|Any CPU.ActiveCfg = Debug|Any CPU
		{47845109-0401-4817-8DE5-921772B8E970}.Debug|Any CPU.Build.0 = Debug|Any CPU
		{47845109-0401-4817-8DE5-921772B8E970}.Release|Any CPU.ActiveCfg = Release|Any CPU
		{47845109-0401-4817-8DE5-921772B8E970}.Release|Any CPU.Build.0 = Release|Any CPU
		{58C6CD9E-E7F9-4CC0-8080-D9C5E7D4BA08}.Debug|Any CPU.ActiveCfg = Debug|Any CPU
		{58C6CD9E-E7F9-4CC0-8080-D9C5E7D4BA08}.Debug|Any CPU.Build.0 = Debug|Any CPU
		{58C6CD9E-E7F9-4CC0-8080-D9C5E7D4BA08}.Release|Any CPU.ActiveCfg = Release|Any CPU
		{58C6CD9E-E7F9-4CC0-8080-D9C5E7D4BA08}.Release|Any CPU.Build.0 = Release|Any CPU
		{82459A05-9FD9-4213-AE3D-C10C43A03C13}.Debug|Any CPU.ActiveCfg = Debug|Any CPU
		{82459A05-9FD9-4213-AE3D-C10C43A03C13}.Debug|Any CPU.Build.0 = Debug|Any CPU
		{82459A05-9FD9-4213-AE3D-C10C43A03C13}.Release|Any CPU.ActiveCfg = Release|Any CPU
		{82459A05-9FD9-4213-AE3D-C10C43A03C13}.Release|Any CPU.Build.0 = Release|Any CPU
	EndGlobalSection
	GlobalSection(SolutionProperties) = preSolution
		HideSolutionNode = FALSE
	EndGlobalSection
	GlobalSection(NestedProjects) = preSolution
		{C271B097-90D5-47D2-B3C8-E141FD156698} = {5C6DE529-8E2C-4D2C-85C9-625969375BE0}
		{E6A4D819-57D5-434C-89A2-A5143037FF6A} = {C271B097-90D5-47D2-B3C8-E141FD156698}
		{B6296FAD-1B70-43A6-B7B5-FA7BBB175A69} = {C271B097-90D5-47D2-B3C8-E141FD156698}
		{BB15D096-3668-4FF5-A206-70F19C61FDE9} = {5C6DE529-8E2C-4D2C-85C9-625969375BE0}
		{05812F46-79F0-42B4-91E6-24847EC17B25} = {5C6DE529-8E2C-4D2C-85C9-625969375BE0}
		{BBBAF973-D798-42D2-941B-E3E681C77D0B} = {5C6DE529-8E2C-4D2C-85C9-625969375BE0}
		{63FAA988-61E3-4B5E-9864-BE5361B7B0A4} = {BBBAF973-D798-42D2-941B-E3E681C77D0B}
		{DDE19A14-7523-4053-8119-F5A76FAF6DB1} = {BBBAF973-D798-42D2-941B-E3E681C77D0B}
		{8B013BBC-69B7-43FE-B5A9-489B4743CFE3} = {BBBAF973-D798-42D2-941B-E3E681C77D0B}
		{065AA118-20F3-4223-B0DA-A9980BCCF29C} = {63FAA988-61E3-4B5E-9864-BE5361B7B0A4}
		{6CCBD512-EF8C-4AA6-8227-62D8576D2885} = {DDE19A14-7523-4053-8119-F5A76FAF6DB1}
		{CE73ED08-422F-434E-A880-206C0C51F8DB} = {8B013BBC-69B7-43FE-B5A9-489B4743CFE3}
		{7B3E5889-E6F8-46D1-9137-DEA84D7D81BB} = {05812F46-79F0-42B4-91E6-24847EC17B25}
		{47845109-0401-4817-8DE5-921772B8E970} = {BB15D096-3668-4FF5-A206-70F19C61FDE9}
		{58C6CD9E-E7F9-4CC0-8080-D9C5E7D4BA08} = {B6296FAD-1B70-43A6-B7B5-FA7BBB175A69}
		{82459A05-9FD9-4213-AE3D-C10C43A03C13} = {E6A4D819-57D5-434C-89A2-A5143037FF6A}
	EndGlobalSection
	GlobalSection(ExtensibilityGlobals) = postSolution
		SolutionGuid = {A88481B0-CAC5-4E79-8D40-36724D7A4B8D}
	EndGlobalSection
EndGlobal
